<?xml version="1.0" encoding="utf-8"?>
<Project ToolsVersion="4.0" xmlns="http://schemas.microsoft.com/developer/msbuild/2003">
  <ItemGroup>
    <Filter Include="Source Files">
      <UniqueIdentifier>{4FC737F1-C7A5-4376-A066-2A32D752A2FF}</UniqueIdentifier>
      <Extensions>cpp;c;cc;cxx;c++;cppm;ixx;def;odl;idl;hpj;bat;asm;asmx</Extensions>
    </Filter>
    <Filter Include="Header Files">
      <UniqueIdentifier>{93995380-89BD-4b04-88EB-625FBE52EBFB}</UniqueIdentifier>
      <Extensions>h;hh;hpp;hxx;h++;hm;inl;inc;ipp;xsd</Extensions>
    </Filter>
    <Filter Include="Resource Files">
      <UniqueIdentifier>{67DA6AB6-F800-4c08-8B7A-83BB121AAD01}</UniqueIdentifier>
      <Extensions>rc;ico;cur;bmp;dlg;rc2;rct;bin;rgs;gif;jpg;jpeg;jpe;resx;tiff;tif;png;wav;mfcribbon-ms</Extensions>
    </Filter>
  </ItemGroup>
  <ItemGroup>
    <ClInclude Include="be\core\window.hpp">
      <Filter>Header Files</Filter>
    </ClInclude>
    <ClInclude Include="be\common.hpp">
      <Filter>Header Files</Filter>
    </ClInclude>
    <ClInclude Include="be\function.hpp">
      <Filter>Header Files</Filter>
    </ClInclude>
    <ClInclude Include="be\content\texture2d.hpp">
      <Filter>Header Files</Filter>
    </ClInclude>
    <ClInclude Include="be\dependencies\stb_image.h">
      <Filter>Header Files</Filter>
    </ClInclude>
    <ClInclude Include="be\core\debug.hpp">
      <Filter>Header Files</Filter>
    </ClInclude>
    <ClInclude Include="be\content\shader.hpp">
      <Filter>Header Files</Filter>
    </ClInclude>
    <ClInclude Include="be\rect.hpp">
      <Filter>Header Files</Filter>
    </ClInclude>
    <ClInclude Include="be\graphics2d\sprite_batch.hpp">
      <Filter>Header Files</Filter>
    </ClInclude>
    <ClInclude Include="be\core\game.hpp">
      <Filter>Header Files</Filter>
    </ClInclude>
    <ClInclude Include="be\core\timer.hpp">
      <Filter>Header Files</Filter>
    </ClInclude>
    <ClInclude Include="be\lua_script.hpp">
      <Filter>Header Files</Filter>
    </ClInclude>
    <ClInclude Include="be\object_registry.hpp">
      <Filter>Header Files</Filter>
    </ClInclude>
    <ClInclude Include="be\objects\spriterenderer.hpp">
      <Filter>Header Files</Filter>
    </ClInclude>
    <ClInclude Include="be\objects\object2d.hpp">
      <Filter>Header Files</Filter>
    </ClInclude>
    <ClInclude Include="be\objects\renderer2d.hpp">
      <Filter>Header Files</Filter>
    </ClInclude>
    <ClInclude Include="be\objects\camera2d.hpp">
      <Filter>Header Files</Filter>
    </ClInclude>
    <ClInclude Include="be\reflection\type_hash.hpp">
      <Filter>Header Files</Filter>
    </ClInclude>
    <ClInclude Include="be\physics\physics2d.hpp">
      <Filter>Header Files</Filter>
    </ClInclude>
    <ClInclude Include="be\physics\physics_scene2d.hpp">
      <Filter>Header Files</Filter>
    </ClInclude>
    <ClInclude Include="be\physics\rtree.h">
      <Filter>Header Files</Filter>
    </ClInclude>
    <ClInclude Include="be\bitmask.h">
      <Filter>Header Files</Filter>
    </ClInclude>
    <ClInclude Include="be\core\function.hpp">
      <Filter>Header Files</Filter>
    </ClInclude>
    <ClInclude Include="be\core\bitmask.hpp">
      <Filter>Header Files</Filter>
    </ClInclude>
    <ClInclude Include="be\core\input.hpp">
      <Filter>Header Files</Filter>
    </ClInclude>
    <ClInclude Include="be\core\rect.hpp">
      <Filter>Header Files</Filter>
    </ClInclude>
  </ItemGroup>
  <ItemGroup>
    <ClCompile Include="be\core\window.cpp">
      <Filter>Source Files</Filter>
    </ClCompile>
    <ClCompile Include="be\content\texture2d.cpp">
      <Filter>Source Files</Filter>
    </ClCompile>
    <ClCompile Include="be\core\debug.cpp">
      <Filter>Source Files</Filter>
    </ClCompile>
    <ClCompile Include="be\content\shader.cpp">
      <Filter>Source Files</Filter>
    </ClCompile>
    <ClCompile Include="be\graphics2d\sprite_batch.cpp">
      <Filter>Source Files</Filter>
    </ClCompile>
    <ClCompile Include="be\core\timer.cpp">
      <Filter>Source Files</Filter>
    </ClCompile>
    <ClCompile Include="be\lua_script.cpp">
      <Filter>Source Files</Filter>
    </ClCompile>
    <ClCompile Include="be\objects\renderer2d.cpp">
      <Filter>Source Files</Filter>
    </ClCompile>
    <ClCompile Include="be\objects\camera2d.cpp">
      <Filter>Source Files</Filter>
    </ClCompile>
    <ClCompile Include="be\objects\spriterenderer.cpp">
      <Filter>Source Files</Filter>
    </ClCompile>
    <ClCompile Include="be\core\input.cpp">
      <Filter>Source Files</Filter>
    </ClCompile>
  </ItemGroup>
</Project>